
Microsoft Visual Studio Solution File, Format Version 12.00
# Visual Studio Version 16
VisualStudioVersion = 16.0.28922.388
MinimumVisualStudioVersion = 10.0.40219.1
Project("{FAE04EC0-301F-11D3-BF4B-00C04F79EFBC}") = "SwarmBootstrapper", "SwarmBootstrapper.csproj", "{8C989F16-3B40-4A06-9399-D58FECB052C1}"
EndProject
Global
	GlobalSection(SolutionConfigurationPlatforms) = preSolution
		Debug|Any CPU = Debug|Any CPU
		Release|Any CPU = Release|Any CPU
	EndGlobalSection
	GlobalSection(ProjectConfigurationPlatforms) = postSolution
		{8C989F16-3B40-4A06-9399-D58FECB052C1}.Debug|Any CPU.ActiveCfg = Debug|Any CPU
		{8C989F16-3B40-4A06-9399-D58FECB052C1}.Debug|Any CPU.Build.0 = Debug|Any CPU
		{8C989F16-3B40-4A06-9399-D58FECB052C1}.Release|Any CPU.ActiveCfg = Release|Any CPU
		{8C989F16-3B40-4A06-9399-D58FECB052C1}.Release|Any CPU.Build.0 = Release|Any CPU
	EndGlobalSection
	GlobalSection(SolutionProperties) = preSolution
		HideSolutionNode = FALSE
	EndGlobalSection
	GlobalSection(ExtensibilityGlobals) = postSolution
		SolutionGuid = {75370E65-6FCF-4BAA-B66A-4CB8DDB9BD05}
	EndGlobalSection
EndGlobal
